// !$*UTF8*$!
{
	archiveVersion = 1;
	classes = {
	};
	objectVersion = 77;
	objects = {

/* Begin PBXBuildFile section */
		00205476FD45FBFCC046D764 /* ChallengeServiceEnrollmentTests.swift in Sources */ = {isa = PBXBuildFile; fileRef = DFB453A28A64FCF3F8C9E58B /* ChallengeServiceEnrollmentTests.swift */; };
		05DC9C00821E62885BD48800 /* ChallengeCardView.swift in Sources */ = {isa = PBXBuildFile; fileRef = 44480AD2FE11B11DFAA602AC /* ChallengeCardView.swift */; };
		06120571F60986FF3DB7CB43 /* BadgeServiceTests.swift in Sources */ = {isa = PBXBuildFile; fileRef = DDB91F756DEEBA088E6AA18F /* BadgeServiceTests.swift */; };
		072A4CDFFE4765696F70F94C /* ChallengeScheduler.swift in Sources */ = {isa = PBXBuildFile; fileRef = 20711FA1DBD7AAD7EDA28C9B /* ChallengeScheduler.swift */; };
		094C8A959177664555763CA3 /* CalendarDay.swift in Sources */ = {isa = PBXBuildFile; fileRef = 09FD5B1A4D33639B4E10E0B0 /* CalendarDay.swift */; };
		09CDB7E9A8E4212113F3CFA8 /* TestHelpers.swift in Sources */ = {isa = PBXBuildFile; fileRef = 4F1135EB5B3E4AF57AC89F08 /* TestHelpers.swift */; };
		0C2101BB3E78F20E00B6049F /* NotificationPreferences.swift in Sources */ = {isa = PBXBuildFile; fileRef = 239B6F5924744680F7536B7B /* NotificationPreferences.swift */; };
		0DF5E87C80BE5E83FDD35479 /* StoreUnavailableBanner.swift in Sources */ = {isa = PBXBuildFile; fileRef = 3B352BA777E797F7A1528C8F /* StoreUnavailableBanner.swift */; };
		18FBF7D3CD1BA7EA3006602A /* CompletionResult.swift in Sources */ = {isa = PBXBuildFile; fileRef = 7894C21A0197AC2A09834623 /* CompletionResult.swift */; };
		1B1E4916CCE117C90FA6DA4E /* CivilDayMigrationTests.swift in Sources */ = {isa = PBXBuildFile; fileRef = 7F452A3B27E9355238289AD3 /* CivilDayMigrationTests.swift */; };
		1E25440BCD78005D1A3E7D69 /* ContentView.swift in Sources */ = {isa = PBXBuildFile; fileRef = ADF03A865185C385DB1479F7 /* ContentView.swift */; };
		1E6A0D7CDF33AB3F382CB7E5 /* IntegrationTests.swift in Sources */ = {isa = PBXBuildFile; fileRef = 1C84840D14A258F54B26F511 /* IntegrationTests.swift */; };
		20A9C3D22D5152803C9CFF72 /* StreakCalculationTests.swift in Sources */ = {isa = PBXBuildFile; fileRef = 012A5C11A1D363F4A5CF83A8 /* StreakCalculationTests.swift */; };
		218DBCE9B776D1DF22D0D59B /* DailyWalkView.swift in Sources */ = {isa = PBXBuildFile; fileRef = FFDC42639AF2F76056BA97E8 /* DailyWalkView.swift */; };
		22A0E9784BFCF03896974965 /* Constants.swift in Sources */ = {isa = PBXBuildFile; fileRef = F3D574F9F63666F724519FC6 /* Constants.swift */; };
		26EA93B98F1A872DABA92321 /* BadgeCelebrationView.swift in Sources */ = {isa = PBXBuildFile; fileRef = 01F67D0C226BF6BCEF1EAC07 /* BadgeCelebrationView.swift */; };
		2B674A2F1AE73E27F0925119 /* ChallengeSchedulerTests.swift in Sources */ = {isa = PBXBuildFile; fileRef = 11C0AEBB32632832F69B4E08 /* ChallengeSchedulerTests.swift */; };
		2C4C9F7221C7EC2ED57D1157 /* JourneyViewModel.swift in Sources */ = {isa = PBXBuildFile; fileRef = E54C9DC71A022279AB940AED /* JourneyViewModel.swift */; };
		2F312632AC14118C841E0C15 /* ChallengeLoader.swift in Sources */ = {isa = PBXBuildFile; fileRef = 54DE59ED320B7ECF201DD87B /* ChallengeLoader.swift */; };
		2FE1C5B4185830A889A4A773 /* AppEnvironment.swift in Sources */ = {isa = PBXBuildFile; fileRef = 80BCA35EB18A58680001DA07 /* AppEnvironment.swift */; };
		360B310D937097319D020531 /* BadgeEvaluationTests.swift in Sources */ = {isa = PBXBuildFile; fileRef = C790891C0DCDD4C7DB6C2D0F /* BadgeEvaluationTests.swift */; };
		3C8DB7EF750C25D868EB1B88 /* Theme.swift in Sources */ = {isa = PBXBuildFile; fileRef = 0011191C28B01F3B06B8D632 /* Theme.swift */; };
		3CADF8A6AA8DF743E8207A49 /* UITestCase.swift in Sources */ = {isa = PBXBuildFile; fileRef = 5EE5DCB0970EDF8826396502 /* UITestCase.swift */; };
		3EEF85F3C8562871FED7D891 /* GracePeriodTests.swift in Sources */ = {isa = PBXBuildFile; fileRef = 367AA3DC56C1C6FB78899646 /* GracePeriodTests.swift */; };
		405E36F1F235143788943FE8 /* ChallengeService.swift in Sources */ = {isa = PBXBuildFile; fileRef = 0648FA1C864A0347BDCE9783 /* ChallengeService.swift */; };
		47CF0BF53F9906DE8E2D7270 /* ScreenshotStoryboardTests.swift in Sources */ = {isa = PBXBuildFile; fileRef = 16FD0B741CC29F8297D1EF03 /* ScreenshotStoryboardTests.swift */; };
		47F909F85F5306FFC67E0310 /* AppInfo.swift in Sources */ = {isa = PBXBuildFile; fileRef = 1AE914DE3D6DDC914A10EA4E /* AppInfo.swift */; };
		49E36B30BA57C2A8336A4198 /* BadgeType.swift in Sources */ = {isa = PBXBuildFile; fileRef = 3CE0FF4F36D3DACDC3093E21 /* BadgeType.swift */; };
		4B8B25A0654C8F88E8B2507C /* BadgeEvaluator.swift in Sources */ = {isa = PBXBuildFile; fileRef = 950A441B84B488EB25DBCE4C /* BadgeEvaluator.swift */; };
		5249EE8E55CCC8C7B483B023 /* ShareCardData.swift in Sources */ = {isa = PBXBuildFile; fileRef = 9339C5BD24A2D97D1BF744C8 /* ShareCardData.swift */; };
		57857BB8620BE4F59D2F1393 /* DateExtensionsTests.swift in Sources */ = {isa = PBXBuildFile; fileRef = 7847C279C6EF8A4FFB24A8EA /* DateExtensionsTests.swift */; };
		58401CC0AD276E46FC47065E /* JourneyViewModelTests.swift in Sources */ = {isa = PBXBuildFile; fileRef = A2A318E32A093F40BE1C8A1A /* JourneyViewModelTests.swift */; };
		5971F0738E3B864D0D217F9B /* challenges.json in Resources */ = {isa = PBXBuildFile; fileRef = E21F1C1F78DEA9BF5B9415BB /* challenges.json */; };
		5B5DC7011D1A8ED8C794BAEC /* ChallengeServiceJournalTests.swift in Sources */ = {isa = PBXBuildFile; fileRef = 4913A34036718E29E63F7C8A /* ChallengeServiceJournalTests.swift */; };
		5FDB62C1F90B9D3C71E2A10A /* BadgeService.swift in Sources */ = {isa = PBXBuildFile; fileRef = 74F6284E83B418C2BCBDCCEE /* BadgeService.swift */; };
		6124F5ABC02556689F0B2880 /* NotificationService.swift in Sources */ = {isa = PBXBuildFile; fileRef = 4A000725D1040D99A3941006 /* NotificationService.swift */; };
		6630C91E272B2E316260065A /* BadgeGlyphView.swift in Sources */ = {isa = PBXBuildFile; fileRef = 06C137F2CA7A309E888C55F4 /* BadgeGlyphView.swift */; };
		6A4A18067A422923379A7CBC /* CivilDayTests.swift in Sources */ = {isa = PBXBuildFile; fileRef = 62C89345015AB5CD920581F1 /* CivilDayTests.swift */; };
		6DD47A1B457B8BDE6093EB97 /* OnboardingUITests.swift in Sources */ = {isa = PBXBuildFile; fileRef = C4633BCA761A773CACA56C30 /* OnboardingUITests.swift */; };
		70852E2E7553C27061534558 /* CalendarScreenView.swift in Sources */ = {isa = PBXBuildFile; fileRef = C63D9A0C5A395FD4223613F2 /* CalendarScreenView.swift */; };
		78875734FA085DBD76D62741 /* SchemaVersions.swift in Sources */ = {isa = PBXBuildFile; fileRef = 1A0C5C6C0612F09E1C770301 /* SchemaVersions.swift */; };
		78883C2558407F58887D891D /* BibleTranslation.swift in Sources */ = {isa = PBXBuildFile; fileRef = C11AB09887355905D1FFAAB5 /* BibleTranslation.swift */; };
		7B6476CC75EBCB69F80880AD /* DayDetailView.swift in Sources */ = {isa = PBXBuildFile; fileRef = FAF18DC773BF9B4454FCD472 /* DayDetailView.swift */; };
		7D9F89C437E48AC1623AA223 /* SettingsViewModelTests.swift in Sources */ = {isa = PBXBuildFile; fileRef = 61B34247D486F16BF764DFD3 /* SettingsViewModelTests.swift */; };
		7F61244E1B7B31BEB68C39B4 /* StreakCalculator.swift in Sources */ = {isa = PBXBuildFile; fileRef = 941EED6208C9F0D677530C51 /* StreakCalculator.swift */; };
		8345F9B7A79910D1E10952E5 /* GracePeriod.swift in Sources */ = {isa = PBXBuildFile; fileRef = 30AB76D9D85A7B9F0E11A96D /* GracePeriod.swift */; };
		84562F915E82A35FDEC95124 /* ChallengeServiceTests.swift in Sources */ = {isa = PBXBuildFile; fileRef = 95C2EA6C438066372A013C12 /* ChallengeServiceTests.swift */; };
		84EF247B835B6CE200C7BF8B /* PersistenceCoordinator.swift in Sources */ = {isa = PBXBuildFile; fileRef = C59527158BBCAA89515E53D2 /* PersistenceCoordinator.swift */; };
		92701A1838BA3DAC4A21DD53 /* UserProfile.swift in Sources */ = {isa = PBXBuildFile; fileRef = 6B169F0954F3DE4364D4AB33 /* UserProfile.swift */; };
		96122060F492B61D4658AB52 /* CalendarUITests.swift in Sources */ = {isa = PBXBuildFile; fileRef = 4A11E73D92A9210B503E7C64 /* CalendarUITests.swift */; };
		977F4229DA02C9C77DB3A8DB /* DataProtectionTests.swift in Sources */ = {isa = PBXBuildFile; fileRef = 277B15BD2E931A0954823060 /* DataProtectionTests.swift */; };
		9795E344571C1F8C6D0BE104 /* DateExtensions.swift in Sources */ = {isa = PBXBuildFile; fileRef = D7E82070E2328FA2AAD0BDBD /* DateExtensions.swift */; };
		98B8E8335DE892928FD37D8E /* PersistenceStack.swift in Sources */ = {isa = PBXBuildFile; fileRef = 4727EBDE75F0F90D520F97F5 /* PersistenceStack.swift */; };
		99E419A156CD38ED7E540C72 /* OnboardingView.swift in Sources */ = {isa = PBXBuildFile; fileRef = 0C315CB3CE3641793CCDCCA9 /* OnboardingView.swift */; };
		9CD1D03D29F229F9183750D0 /* CalendarEnrollmentBoundaryTests.swift in Sources */ = {isa = PBXBuildFile; fileRef = 5CB7E0ABBA62147D16C8532F /* CalendarEnrollmentBoundaryTests.swift */; };
		9D5D35D1BD90DD09EE7706BF /* Assets.xcassets in Resources */ = {isa = PBXBuildFile; fileRef = 6B31150D89C22F4555406336 /* Assets.xcassets */; };
		9EDAB48DEEF4A7A0C05335B3 /* AppInfoTests.swift in Sources */ = {isa = PBXBuildFile; fileRef = 3FFDBB292FD64BF875C8C219 /* AppInfoTests.swift */; };
		A20255A1D1EF142C6BEF2DF1 /* AccessibilityAuditTests.swift in Sources */ = {isa = PBXBuildFile; fileRef = 0388CD9AB62E6882F06E657C /* AccessibilityAuditTests.swift */; };
		A4FCCBCD3C7E8C7FD622A38A /* DailyChallenge.swift in Sources */ = {isa = PBXBuildFile; fileRef = 37879E79DEFABA9060E9BB0F /* DailyChallenge.swift */; };
		B20DDDAEFD9BD02F9252EACA /* CalendarViewModel.swift in Sources */ = {isa = PBXBuildFile; fileRef = ADDBB06120517520730446F6 /* CalendarViewModel.swift */; };
		B214B11C94FA056C14C9BA1D /* ChallengeLoadErrorView.swift in Sources */ = {isa = PBXBuildFile; fileRef = 39F46BEE80A0313990208AAA /* ChallengeLoadErrorView.swift */; };
		B851569CDC6AACF2F1731BA8 /* CalendarViewModelTests.swift in Sources */ = {isa = PBXBuildFile; fileRef = 335717FF73C0F30EDC70CC2B /* CalendarViewModelTests.swift */; };
		B94E1327AB882217FED12F73 /* PersistenceFailureTests.swift in Sources */ = {isa = PBXBuildFile; fileRef = 5495D0675B3AFA7D31D624A9 /* PersistenceFailureTests.swift */; };
		BB2AD676CEF4056D9A6D3CD8 /* BadgeDefinition.swift in Sources */ = {isa = PBXBuildFile; fileRef = 4A3D400EB0FB3AFCA44B590B /* BadgeDefinition.swift */; };
		C1CE0B1FE9AC8A9B7346C19A /* EarnedBadge.swift in Sources */ = {isa = PBXBuildFile; fileRef = B102D549A1D69BC7485C0A77 /* EarnedBadge.swift */; };
		C3D559F2C8DA67F078058DEE /* DailyWalkViewModel.swift in Sources */ = {isa = PBXBuildFile; fileRef = 0AA434CB8B30887102A76D77 /* DailyWalkViewModel.swift */; };
		C74D9F63A6639139AE0BDE40 /* DesignSystemTests.swift in Sources */ = {isa = PBXBuildFile; fileRef = 95A6EAF64C9F86F5A9B4196C /* DesignSystemTests.swift */; };
		C98AB36AA430514B29E6AAE9 /* BadgeDisplayItem.swift in Sources */ = {isa = PBXBuildFile; fileRef = 203ACCDF10A9C0DBC5AF367C /* BadgeDisplayItem.swift */; };
		CC1106BE105A6B1870B335D0 /* CompletionSheetView.swift in Sources */ = {isa = PBXBuildFile; fileRef = 5F1C1FDEFBC65E60E901411C /* CompletionSheetView.swift */; };
		D1AC06C345ACDF65186C1B86 /* SettingsUITests.swift in Sources */ = {isa = PBXBuildFile; fileRef = 93B7089D45C604FF9B8A04C3 /* SettingsUITests.swift */; };
		D2351C05B6290F7FB8A58049 /* HomeScreenUITests.swift in Sources */ = {isa = PBXBuildFile; fileRef = 1979FDB28EF6789FCCFAFB61 /* HomeScreenUITests.swift */; };
		D61C8EACBE6ECD4D1A7F2CA6 /* ChallengeCategory.swift in Sources */ = {isa = PBXBuildFile; fileRef = 6C1F861CFF2402A653925C0A /* ChallengeCategory.swift */; };
		D63BC2E6584F9F8217BEBD5B /* SettingsViewModel.swift in Sources */ = {isa = PBXBuildFile; fileRef = C7E54205F921B200229CB09A /* SettingsViewModel.swift */; };
		D71CFDEE131ED1E6D3097531 /* ChallengeLoaderTests.swift in Sources */ = {isa = PBXBuildFile; fileRef = 9214D8A2E436B58A6AF7A1E0 /* ChallengeLoaderTests.swift */; };
		D931C0180DAEAB9E5B553F98 /* JourneyView.swift in Sources */ = {isa = PBXBuildFile; fileRef = EA267EB7F91419AFE9915C21 /* JourneyView.swift */; };
		DD9A0B55F1FE9E9E7256E53E /* JournalDisplayItem.swift in Sources */ = {isa = PBXBuildFile; fileRef = 40112D2A32CEE6503E2E62D3 /* JournalDisplayItem.swift */; };
		DF5C400285217320264227BE /* CompletedChallenge.swift in Sources */ = {isa = PBXBuildFile; fileRef = 450D139FDDBC7B0F87A6A5D7 /* CompletedChallenge.swift */; };
		DFFF29EE1F3819AB540AA363 /* Difficulty.swift in Sources */ = {isa = PBXBuildFile; fileRef = 30867F91CDB77976239AD79F /* Difficulty.swift */; };
		E07E47A6353DAA38FF4F6041 /* AppEnvironmentTests.swift in Sources */ = {isa = PBXBuildFile; fileRef = E8C50D05FD014055C68FB56E /* AppEnvironmentTests.swift */; };
		E298172F40DA3D09859D6190 /* CivilDay.swift in Sources */ = {isa = PBXBuildFile; fileRef = CF9DC3C17A84035CD02B2EB7 /* CivilDay.swift */; };
		E780F311F6F310D909EA46D0 /* DarkModePreference.swift in Sources */ = {isa = PBXBuildFile; fileRef = 6455D33E9E372079FC16852E /* DarkModePreference.swift */; };
		E84AA5DF4F5C6F2531E3E293 /* SettingsView.swift in Sources */ = {isa = PBXBuildFile; fileRef = 2C9F110D015B63153650F8E0 /* SettingsView.swift */; };
		EA4E0BF19D9E4C329010B8A9 /* challenges.json in Resources */ = {isa = PBXBuildFile; fileRef = 2AC1EC2087DAC1FC12589659 /* challenges.json */; };
		ECB1023E48F78F5C25A67310 /* NotificationWiringTests.swift in Sources */ = {isa = PBXBuildFile; fileRef = F4CA19120E23773AE82C69EB /* NotificationWiringTests.swift */; };
		ED54B0A200BB09430BA44193 /* BadgeProgress.swift in Sources */ = {isa = PBXBuildFile; fileRef = DE45B6A55566A5C6CD6F61D7 /* BadgeProgress.swift */; };
		ED5D32C1E160AB70012BBF50 /* JourneyUITests.swift in Sources */ = {isa = PBXBuildFile; fileRef = A27AF0C56105C1392BCAD569 /* JourneyUITests.swift */; };
		F03CDE515F35D941769F00D7 /* PrivacyInfo.xcprivacy in Resources */ = {isa = PBXBuildFile; fileRef = E4CB5E742EF34465EAEE5B88 /* PrivacyInfo.xcprivacy */; };
		F2580215BC5ADC33AA2E8200 /* FaithfullyApp.swift in Sources */ = {isa = PBXBuildFile; fileRef = F8095D01BF1DAA3353F9844F /* FaithfullyApp.swift */; };
		F4FA31D8154505F060B8C90F /* DailyWalkViewModelTests.swift in Sources */ = {isa = PBXBuildFile; fileRef = C30E30061C9CB312FE870547 /* DailyWalkViewModelTests.swift */; };
		FAB2E99BA030969FA5E634CF /* PrivacyInfo.xcprivacy in Resources */ = {isa = PBXBuildFile; fileRef = E4CB5E742EF34465EAEE5B88 /* PrivacyInfo.xcprivacy */; };
		FCF5947547F47468E4A409BE /* NotificationServiceTests.swift in Sources */ = {isa = PBXBuildFile; fileRef = B8122C71833812BE9141D9FB /* NotificationServiceTests.swift */; };
		FDD3EAB80163A7EAB5D86B02 /* UITestSupport.swift in Sources */ = {isa = PBXBuildFile; fileRef = 74A0A9835C089C4B31762558 /* UITestSupport.swift */; };
/* End PBXBuildFile section */

/* Begin PBXContainerItemProxy section */
		6DDAB993E1304A3F2CB31C08 /* PBXContainerItemProxy */ = {
			isa = PBXContainerItemProxy;
			containerPortal = D29653EA73BD734E610C37B1 /* Project object */;
			proxyType = 1;
			remoteGlobalIDString = 309D407B213DF2C7270B57B9;
			remoteInfo = Faithfully;
		};
		B4DE570F12F79FCA09230D87 /* PBXContainerItemProxy */ = {
			isa = PBXContainerItemProxy;
			containerPortal = D29653EA73BD734E610C37B1 /* Project object */;
			proxyType = 1;
			remoteGlobalIDString = 309D407B213DF2C7270B57B9;
			remoteInfo = Faithfully;
		};
/* End PBXContainerItemProxy section */

/* Begin PBXFileReference section */
		0011191C28B01F3B06B8D632 /* Theme.swift */ = {isa = PBXFileReference; lastKnownFileType = sourcecode.swift; path = Theme.swift; sourceTree = "<group>"; };
		012A5C11A1D363F4A5CF83A8 /* StreakCalculationTests.swift */ = {isa = PBXFileReference; lastKnownFileType = sourcecode.swift; path = StreakCalculationTests.swift; sourceTree = "<group>"; };
		01F67D0C226BF6BCEF1EAC07 /* BadgeCelebrationView.swift */ = {isa = PBXFileReference; lastKnownFileType = sourcecode.swift; path = BadgeCelebrationView.swift; sourceTree = "<group>"; };
		0388CD9AB62E6882F06E657C /* AccessibilityAuditTests.swift */ = {isa = PBXFileReference; lastKnownFileType = sourcecode.swift; path = AccessibilityAuditTests.swift; sourceTree = "<group>"; };
		0648FA1C864A0347BDCE9783 /* ChallengeService.swift */ = {isa = PBXFileReference; lastKnownFileType = sourcecode.swift; path = ChallengeService.swift; sourceTree = "<group>"; };
		06C137F2CA7A309E888C55F4 /* BadgeGlyphView.swift */ = {isa = PBXFileReference; lastKnownFileType = sourcecode.swift; path = BadgeGlyphView.swift; sourceTree = "<group>"; };
		09FD5B1A4D33639B4E10E0B0 /* CalendarDay.swift */ = {isa = PBXFileReference; lastKnownFileType = sourcecode.swift; path = CalendarDay.swift; sourceTree = "<group>"; };
		0AA434CB8B30887102A76D77 /* DailyWalkViewModel.swift */ = {isa = PBXFileReference; lastKnownFileType = sourcecode.swift; path = DailyWalkViewModel.swift; sourceTree = "<group>"; };
		0C315CB3CE3641793CCDCCA9 /* OnboardingView.swift */ = {isa = PBXFileReference; lastKnownFileType = sourcecode.swift; path = OnboardingView.swift; sourceTree = "<group>"; };
		11C0AEBB32632832F69B4E08 /* ChallengeSchedulerTests.swift */ = {isa = PBXFileReference; lastKnownFileType = sourcecode.swift; path = ChallengeSchedulerTests.swift; sourceTree = "<group>"; };
		16FD0B741CC29F8297D1EF03 /* ScreenshotStoryboardTests.swift */ = {isa = PBXFileReference; lastKnownFileType = sourcecode.swift; path = ScreenshotStoryboardTests.swift; sourceTree = "<group>"; };
		1979FDB28EF6789FCCFAFB61 /* HomeScreenUITests.swift */ = {isa = PBXFileReference; lastKnownFileType = sourcecode.swift; path = HomeScreenUITests.swift; sourceTree = "<group>"; };
		1A0C5C6C0612F09E1C770301 /* SchemaVersions.swift */ = {isa = PBXFileReference; lastKnownFileType = sourcecode.swift; path = SchemaVersions.swift; sourceTree = "<group>"; };
		1AE914DE3D6DDC914A10EA4E /* AppInfo.swift */ = {isa = PBXFileReference; lastKnownFileType = sourcecode.swift; path = AppInfo.swift; sourceTree = "<group>"; };
		1C84840D14A258F54B26F511 /* IntegrationTests.swift */ = {isa = PBXFileReference; lastKnownFileType = sourcecode.swift; path = IntegrationTests.swift; sourceTree = "<group>"; };
		203ACCDF10A9C0DBC5AF367C /* BadgeDisplayItem.swift */ = {isa = PBXFileReference; lastKnownFileType = sourcecode.swift; path = BadgeDisplayItem.swift; sourceTree = "<group>"; };
		20711FA1DBD7AAD7EDA28C9B /* ChallengeScheduler.swift */ = {isa = PBXFileReference; lastKnownFileType = sourcecode.swift; path = ChallengeScheduler.swift; sourceTree = "<group>"; };
		239B6F5924744680F7536B7B /* NotificationPreferences.swift */ = {isa = PBXFileReference; lastKnownFileType = sourcecode.swift; path = NotificationPreferences.swift; sourceTree = "<group>"; };
		277B15BD2E931A0954823060 /* DataProtectionTests.swift */ = {isa = PBXFileReference; lastKnownFileType = sourcecode.swift; path = DataProtectionTests.swift; sourceTree = "<group>"; };
		2AC1EC2087DAC1FC12589659 /* challenges.json */ = {isa = PBXFileReference; lastKnownFileType = text.json; path = challenges.json; sourceTree = "<group>"; };
		2C9F110D015B63153650F8E0 /* SettingsView.swift */ = {isa = PBXFileReference; lastKnownFileType = sourcecode.swift; path = SettingsView.swift; sourceTree = "<group>"; };
		30867F91CDB77976239AD79F /* Difficulty.swift */ = {isa = PBXFileReference; lastKnownFileType = sourcecode.swift; path = Difficulty.swift; sourceTree = "<group>"; };
		30AB76D9D85A7B9F0E11A96D /* GracePeriod.swift */ = {isa = PBXFileReference; lastKnownFileType = sourcecode.swift; path = GracePeriod.swift; sourceTree = "<group>"; };
		335717FF73C0F30EDC70CC2B /* CalendarViewModelTests.swift */ = {isa = PBXFileReference; lastKnownFileType = sourcecode.swift; path = CalendarViewModelTests.swift; sourceTree = "<group>"; };
		367AA3DC56C1C6FB78899646 /* GracePeriodTests.swift */ = {isa = PBXFileReference; lastKnownFileType = sourcecode.swift; path = GracePeriodTests.swift; sourceTree = "<group>"; };
		37879E79DEFABA9060E9BB0F /* DailyChallenge.swift */ = {isa = PBXFileReference; lastKnownFileType = sourcecode.swift; path = DailyChallenge.swift; sourceTree = "<group>"; };
		39F46BEE80A0313990208AAA /* ChallengeLoadErrorView.swift */ = {isa = PBXFileReference; lastKnownFileType = sourcecode.swift; path = ChallengeLoadErrorView.swift; sourceTree = "<group>"; };
		3B352BA777E797F7A1528C8F /* StoreUnavailableBanner.swift */ = {isa = PBXFileReference; lastKnownFileType = sourcecode.swift; path = StoreUnavailableBanner.swift; sourceTree = "<group>"; };
		3CE0FF4F36D3DACDC3093E21 /* BadgeType.swift */ = {isa = PBXFileReference; lastKnownFileType = sourcecode.swift; path = BadgeType.swift; sourceTree = "<group>"; };
		3FFDBB292FD64BF875C8C219 /* AppInfoTests.swift */ = {isa = PBXFileReference; lastKnownFileType = sourcecode.swift; path = AppInfoTests.swift; sourceTree = "<group>"; };
		40112D2A32CEE6503E2E62D3 /* JournalDisplayItem.swift */ = {isa = PBXFileReference; lastKnownFileType = sourcecode.swift; path = JournalDisplayItem.swift; sourceTree = "<group>"; };
		44480AD2FE11B11DFAA602AC /* ChallengeCardView.swift */ = {isa = PBXFileReference; lastKnownFileType = sourcecode.swift; path = ChallengeCardView.swift; sourceTree = "<group>"; };
		450D139FDDBC7B0F87A6A5D7 /* CompletedChallenge.swift */ = {isa = PBXFileReference; lastKnownFileType = sourcecode.swift; path = CompletedChallenge.swift; sourceTree = "<group>"; };
		4727EBDE75F0F90D520F97F5 /* PersistenceStack.swift */ = {isa = PBXFileReference; lastKnownFileType = sourcecode.swift; path = PersistenceStack.swift; sourceTree = "<group>"; };
		4913A34036718E29E63F7C8A /* ChallengeServiceJournalTests.swift */ = {isa = PBXFileReference; lastKnownFileType = sourcecode.swift; path = ChallengeServiceJournalTests.swift; sourceTree = "<group>"; };
		4A000725D1040D99A3941006 /* NotificationService.swift */ = {isa = PBXFileReference; lastKnownFileType = sourcecode.swift; path = NotificationService.swift; sourceTree = "<group>"; };
		4A11E73D92A9210B503E7C64 /* CalendarUITests.swift */ = {isa = PBXFileReference; lastKnownFileType = sourcecode.swift; path = CalendarUITests.swift; sourceTree = "<group>"; };
		4A3D400EB0FB3AFCA44B590B /* BadgeDefinition.swift */ = {isa = PBXFileReference; lastKnownFileType = sourcecode.swift; path = BadgeDefinition.swift; sourceTree = "<group>"; };
		4F1135EB5B3E4AF57AC89F08 /* TestHelpers.swift */ = {isa = PBXFileReference; lastKnownFileType = sourcecode.swift; path = TestHelpers.swift; sourceTree = "<group>"; };
		5495D0675B3AFA7D31D624A9 /* PersistenceFailureTests.swift */ = {isa = PBXFileReference; lastKnownFileType = sourcecode.swift; path = PersistenceFailureTests.swift; sourceTree = "<group>"; };
		54DE59ED320B7ECF201DD87B /* ChallengeLoader.swift */ = {isa = PBXFileReference; lastKnownFileType = sourcecode.swift; path = ChallengeLoader.swift; sourceTree = "<group>"; };
		5CB7E0ABBA62147D16C8532F /* CalendarEnrollmentBoundaryTests.swift */ = {isa = PBXFileReference; lastKnownFileType = sourcecode.swift; path = CalendarEnrollmentBoundaryTests.swift; sourceTree = "<group>"; };
		5EE5DCB0970EDF8826396502 /* UITestCase.swift */ = {isa = PBXFileReference; lastKnownFileType = sourcecode.swift; path = UITestCase.swift; sourceTree = "<group>"; };
		5F1C1FDEFBC65E60E901411C /* CompletionSheetView.swift */ = {isa = PBXFileReference; lastKnownFileType = sourcecode.swift; path = CompletionSheetView.swift; sourceTree = "<group>"; };
		61B34247D486F16BF764DFD3 /* SettingsViewModelTests.swift */ = {isa = PBXFileReference; lastKnownFileType = sourcecode.swift; path = SettingsViewModelTests.swift; sourceTree = "<group>"; };
		62C89345015AB5CD920581F1 /* CivilDayTests.swift */ = {isa = PBXFileReference; lastKnownFileType = sourcecode.swift; path = CivilDayTests.swift; sourceTree = "<group>"; };
		6455D33E9E372079FC16852E /* DarkModePreference.swift */ = {isa = PBXFileReference; lastKnownFileType = sourcecode.swift; path = DarkModePreference.swift; sourceTree = "<group>"; };
		67599777A0F22E0A83494345 /* Faithfully.app */ = {isa = PBXFileReference; includeInIndex = 0; lastKnownFileType = wrapper.application; path = Faithfully.app; sourceTree = BUILT_PRODUCTS_DIR; };
		6B169F0954F3DE4364D4AB33 /* UserProfile.swift */ = {isa = PBXFileReference; lastKnownFileType = sourcecode.swift; path = UserProfile.swift; sourceTree = "<group>"; };
		6B31150D89C22F4555406336 /* Assets.xcassets */ = {isa = PBXFileReference; lastKnownFileType = folder.assetcatalog; path = Assets.xcassets; sourceTree = "<group>"; };
		6C1F861CFF2402A653925C0A /* ChallengeCategory.swift */ = {isa = PBXFileReference; lastKnownFileType = sourcecode.swift; path = ChallengeCategory.swift; sourceTree = "<group>"; };
		74A0A9835C089C4B31762558 /* UITestSupport.swift */ = {isa = PBXFileReference; lastKnownFileType = sourcecode.swift; path = UITestSupport.swift; sourceTree = "<group>"; };
		74F6284E83B418C2BCBDCCEE /* BadgeService.swift */ = {isa = PBXFileReference; lastKnownFileType = sourcecode.swift; path = BadgeService.swift; sourceTree = "<group>"; };
		7847C279C6EF8A4FFB24A8EA /* DateExtensionsTests.swift */ = {isa = PBXFileReference; lastKnownFileType = sourcecode.swift; path = DateExtensionsTests.swift; sourceTree = "<group>"; };
		7894C21A0197AC2A09834623 /* CompletionResult.swift */ = {isa = PBXFileReference; lastKnownFileType = sourcecode.swift; path = CompletionResult.swift; sourceTree = "<group>"; };
		7B6BDE2B593A426A2E319CA9 /* FaithfullyTests.xctest */ = {isa = PBXFileReference; includeInIndex = 0; lastKnownFileType = wrapper.cfbundle; path = FaithfullyTests.xctest; sourceTree = BUILT_PRODUCTS_DIR; };
		7F452A3B27E9355238289AD3 /* CivilDayMigrationTests.swift */ = {isa = PBXFileReference; lastKnownFileType = sourcecode.swift; path = CivilDayMigrationTests.swift; sourceTree = "<group>"; };
		80BCA35EB18A58680001DA07 /* AppEnvironment.swift */ = {isa = PBXFileReference; lastKnownFileType = sourcecode.swift; path = AppEnvironment.swift; sourceTree = "<group>"; };
		9214D8A2E436B58A6AF7A1E0 /* ChallengeLoaderTests.swift */ = {isa = PBXFileReference; lastKnownFileType = sourcecode.swift; path = ChallengeLoaderTests.swift; sourceTree = "<group>"; };
		9339C5BD24A2D97D1BF744C8 /* ShareCardData.swift */ = {isa = PBXFileReference; lastKnownFileType = sourcecode.swift; path = ShareCardData.swift; sourceTree = "<group>"; };
		93B7089D45C604FF9B8A04C3 /* SettingsUITests.swift */ = {isa = PBXFileReference; lastKnownFileType = sourcecode.swift; path = SettingsUITests.swift; sourceTree = "<group>"; };
		941EED6208C9F0D677530C51 /* StreakCalculator.swift */ = {isa = PBXFileReference; lastKnownFileType = sourcecode.swift; path = StreakCalculator.swift; sourceTree = "<group>"; };
		950A441B84B488EB25DBCE4C /* BadgeEvaluator.swift */ = {isa = PBXFileReference; lastKnownFileType = sourcecode.swift; path = BadgeEvaluator.swift; sourceTree = "<group>"; };
		95A6EAF64C9F86F5A9B4196C /* DesignSystemTests.swift */ = {isa = PBXFileReference; lastKnownFileType = sourcecode.swift; path = DesignSystemTests.swift; sourceTree = "<group>"; };
		95C2EA6C438066372A013C12 /* ChallengeServiceTests.swift */ = {isa = PBXFileReference; lastKnownFileType = sourcecode.swift; path = ChallengeServiceTests.swift; sourceTree = "<group>"; };
		A0075A584AA1781999757B85 /* FaithfullyUITests.xctest */ = {isa = PBXFileReference; includeInIndex = 0; lastKnownFileType = wrapper.cfbundle; path = FaithfullyUITests.xctest; sourceTree = BUILT_PRODUCTS_DIR; };
		A27AF0C56105C1392BCAD569 /* JourneyUITests.swift */ = {isa = PBXFileReference; lastKnownFileType = sourcecode.swift; path = JourneyUITests.swift; sourceTree = "<group>"; };
		A2A318E32A093F40BE1C8A1A /* JourneyViewModelTests.swift */ = {isa = PBXFileReference; lastKnownFileType = sourcecode.swift; path = JourneyViewModelTests.swift; sourceTree = "<group>"; };
		ADDBB06120517520730446F6 /* CalendarViewModel.swift */ = {isa = PBXFileReference; lastKnownFileType = sourcecode.swift; path = CalendarViewModel.swift; sourceTree = "<group>"; };
		ADF03A865185C385DB1479F7 /* ContentView.swift */ = {isa = PBXFileReference; lastKnownFileType = sourcecode.swift; path = ContentView.swift; sourceTree = "<group>"; };
		B102D549A1D69BC7485C0A77 /* EarnedBadge.swift */ = {isa = PBXFileReference; lastKnownFileType = sourcecode.swift; path = EarnedBadge.swift; sourceTree = "<group>"; };
		B8122C71833812BE9141D9FB /* NotificationServiceTests.swift */ = {isa = PBXFileReference; lastKnownFileType = sourcecode.swift; path = NotificationServiceTests.swift; sourceTree = "<group>"; };
		C11AB09887355905D1FFAAB5 /* BibleTranslation.swift */ = {isa = PBXFileReference; lastKnownFileType = sourcecode.swift; path = BibleTranslation.swift; sourceTree = "<group>"; };
		C30E30061C9CB312FE870547 /* DailyWalkViewModelTests.swift */ = {isa = PBXFileReference; lastKnownFileType = sourcecode.swift; path = DailyWalkViewModelTests.swift; sourceTree = "<group>"; };
		C4633BCA761A773CACA56C30 /* OnboardingUITests.swift */ = {isa = PBXFileReference; lastKnownFileType = sourcecode.swift; path = OnboardingUITests.swift; sourceTree = "<group>"; };
		C59527158BBCAA89515E53D2 /* PersistenceCoordinator.swift */ = {isa = PBXFileReference; lastKnownFileType = sourcecode.swift; path = PersistenceCoordinator.swift; sourceTree = "<group>"; };
		C63D9A0C5A395FD4223613F2 /* CalendarScreenView.swift */ = {isa = PBXFileReference; lastKnownFileType = sourcecode.swift; path = CalendarScreenView.swift; sourceTree = "<group>"; };
		C790891C0DCDD4C7DB6C2D0F /* BadgeEvaluationTests.swift */ = {isa = PBXFileReference; lastKnownFileType = sourcecode.swift; path = BadgeEvaluationTests.swift; sourceTree = "<group>"; };
		C7E54205F921B200229CB09A /* SettingsViewModel.swift */ = {isa = PBXFileReference; lastKnownFileType = sourcecode.swift; path = SettingsViewModel.swift; sourceTree = "<group>"; };
		CF9DC3C17A84035CD02B2EB7 /* CivilDay.swift */ = {isa = PBXFileReference; lastKnownFileType = sourcecode.swift; path = CivilDay.swift; sourceTree = "<group>"; };
		D7E82070E2328FA2AAD0BDBD /* DateExtensions.swift */ = {isa = PBXFileReference; lastKnownFileType = sourcecode.swift; path = DateExtensions.swift; sourceTree = "<group>"; };
		DDB91F756DEEBA088E6AA18F /* BadgeServiceTests.swift */ = {isa = PBXFileReference; lastKnownFileType = sourcecode.swift; path = BadgeServiceTests.swift; sourceTree = "<group>"; };
		DE45B6A55566A5C6CD6F61D7 /* BadgeProgress.swift */ = {isa = PBXFileReference; lastKnownFileType = sourcecode.swift; path = BadgeProgress.swift; sourceTree = "<group>"; };
		DFB453A28A64FCF3F8C9E58B /* ChallengeServiceEnrollmentTests.swift */ = {isa = PBXFileReference; lastKnownFileType = sourcecode.swift; path = ChallengeServiceEnrollmentTests.swift; sourceTree = "<group>"; };
		E21F1C1F78DEA9BF5B9415BB /* challenges.json */ = {isa = PBXFileReference; lastKnownFileType = text.json; path = challenges.json; sourceTree = "<group>"; };
		E4CB5E742EF34465EAEE5B88 /* PrivacyInfo.xcprivacy */ = {isa = PBXFileReference; path = PrivacyInfo.xcprivacy; sourceTree = "<group>"; };
		E54C9DC71A022279AB940AED /* JourneyViewModel.swift */ = {isa = PBXFileReference; lastKnownFileType = sourcecode.swift; path = JourneyViewModel.swift; sourceTree = "<group>"; };
		E8C50D05FD014055C68FB56E /* AppEnvironmentTests.swift */ = {isa = PBXFileReference; lastKnownFileType = sourcecode.swift; path = AppEnvironmentTests.swift; sourceTree = "<group>"; };
		EA267EB7F91419AFE9915C21 /* JourneyView.swift */ = {isa = PBXFileReference; lastKnownFileType = sourcecode.swift; path = JourneyView.swift; sourceTree = "<group>"; };
		F3D574F9F63666F724519FC6 /* Constants.swift */ = {isa = PBXFileReference; lastKnownFileType = sourcecode.swift; path = Constants.swift; sourceTree = "<group>"; };
		F4CA19120E23773AE82C69EB /* NotificationWiringTests.swift */ = {isa = PBXFileReference; lastKnownFileType = sourcecode.swift; path = NotificationWiringTests.swift; sourceTree = "<group>"; };
		F8095D01BF1DAA3353F9844F /* FaithfullyApp.swift */ = {isa = PBXFileReference; lastKnownFileType = sourcecode.swift; path = FaithfullyApp.swift; sourceTree = "<group>"; };
		FAF18DC773BF9B4454FCD472 /* DayDetailView.swift */ = {isa = PBXFileReference; lastKnownFileType = sourcecode.swift; path = DayDetailView.swift; sourceTree = "<group>"; };
		FFDC42639AF2F76056BA97E8 /* DailyWalkView.swift */ = {isa = PBXFileReference; lastKnownFileType = sourcecode.swift; path = DailyWalkView.swift; sourceTree = "<group>"; };
/* End PBXFileReference section */

/* Begin PBXGroup section */
		011B0D7D6F6F21708A0E3D8F /* Views */ = {
			isa = PBXGroup;
			children = (
				90D29DE25340A77370DE0A2B /* Calendar */,
				277F663111C7291F06758C38 /* DailyWalk */,
				72A7F4CC29334CAC5BE57033 /* Journey */,
				5F821BBE44B57294B0545CB4 /* Onboarding */,
				5E7304D9068E6E74ACA7F1A4 /* Settings */,
				1A26AC98B248AEDE542627C0 /* Shared */,
			);
			path = Views;
			sourceTree = "<group>";
		};
		1A26AC98B248AEDE542627C0 /* Shared */ = {
			isa = PBXGroup;
			children = (
				01F67D0C226BF6BCEF1EAC07 /* BadgeCelebrationView.swift */,
				06C137F2CA7A309E888C55F4 /* BadgeGlyphView.swift */,
				39F46BEE80A0313990208AAA /* ChallengeLoadErrorView.swift */,
				3B352BA777E797F7A1528C8F /* StoreUnavailableBanner.swift */,
			);
			path = Shared;
			sourceTree = "<group>";
		};
		277F663111C7291F06758C38 /* DailyWalk */ = {
			isa = PBXGroup;
			children = (
				44480AD2FE11B11DFAA602AC /* ChallengeCardView.swift */,
				5F1C1FDEFBC65E60E901411C /* CompletionSheetView.swift */,
				FFDC42639AF2F76056BA97E8 /* DailyWalkView.swift */,
			);
			path = DailyWalk;
			sourceTree = "<group>";
		};
		3E03D77CB1054DA188C1275E /* Models */ = {
			isa = PBXGroup;
			children = (
				4A3D400EB0FB3AFCA44B590B /* BadgeDefinition.swift */,
				450D139FDDBC7B0F87A6A5D7 /* CompletedChallenge.swift */,
				37879E79DEFABA9060E9BB0F /* DailyChallenge.swift */,
				B102D549A1D69BC7485C0A77 /* EarnedBadge.swift */,
				1A0C5C6C0612F09E1C770301 /* SchemaVersions.swift */,
				6B169F0954F3DE4364D4AB33 /* UserProfile.swift */,
				C18D058DA9FF19B31AE9FD00 /* Enums */,
				5C03CD226525F225C9223403 /* Results */,
			);
			path = Models;
			sourceTree = "<group>";
		};
		4FB8B3D0DFB4F65132AEF26A /* FaithfullyUITests */ = {
			isa = PBXGroup;
			children = (
				0388CD9AB62E6882F06E657C /* AccessibilityAuditTests.swift */,
				4A11E73D92A9210B503E7C64 /* CalendarUITests.swift */,
				1979FDB28EF6789FCCFAFB61 /* HomeScreenUITests.swift */,
				A27AF0C56105C1392BCAD569 /* JourneyUITests.swift */,
				C4633BCA761A773CACA56C30 /* OnboardingUITests.swift */,
				16FD0B741CC29F8297D1EF03 /* ScreenshotStoryboardTests.swift */,
				93B7089D45C604FF9B8A04C3 /* SettingsUITests.swift */,
				5EE5DCB0970EDF8826396502 /* UITestCase.swift */,
			);
			path = FaithfullyUITests;
			sourceTree = "<group>";
		};
		5C03CD226525F225C9223403 /* Results */ = {
			isa = PBXGroup;
			children = (
				203ACCDF10A9C0DBC5AF367C /* BadgeDisplayItem.swift */,
				DE45B6A55566A5C6CD6F61D7 /* BadgeProgress.swift */,
				09FD5B1A4D33639B4E10E0B0 /* CalendarDay.swift */,
				7894C21A0197AC2A09834623 /* CompletionResult.swift */,
				40112D2A32CEE6503E2E62D3 /* JournalDisplayItem.swift */,
				239B6F5924744680F7536B7B /* NotificationPreferences.swift */,
				9339C5BD24A2D97D1BF744C8 /* ShareCardData.swift */,
			);
			path = Results;
			sourceTree = "<group>";
		};
		5E7304D9068E6E74ACA7F1A4 /* Settings */ = {
			isa = PBXGroup;
			children = (
				2C9F110D015B63153650F8E0 /* SettingsView.swift */,
			);
			path = Settings;
			sourceTree = "<group>";
		};
		5F821BBE44B57294B0545CB4 /* Onboarding */ = {
			isa = PBXGroup;
			children = (
				0C315CB3CE3641793CCDCCA9 /* OnboardingView.swift */,
			);
			path = Onboarding;
			sourceTree = "<group>";
		};
		6DC05056587E91A739257B13 /* FaithfullyTests */ = {
			isa = PBXGroup;
			children = (
				E8C50D05FD014055C68FB56E /* AppEnvironmentTests.swift */,
				3FFDBB292FD64BF875C8C219 /* AppInfoTests.swift */,
				C790891C0DCDD4C7DB6C2D0F /* BadgeEvaluationTests.swift */,
				DDB91F756DEEBA088E6AA18F /* BadgeServiceTests.swift */,
				5CB7E0ABBA62147D16C8532F /* CalendarEnrollmentBoundaryTests.swift */,
				335717FF73C0F30EDC70CC2B /* CalendarViewModelTests.swift */,
				9214D8A2E436B58A6AF7A1E0 /* ChallengeLoaderTests.swift */,
				2AC1EC2087DAC1FC12589659 /* challenges.json */,
				11C0AEBB32632832F69B4E08 /* ChallengeSchedulerTests.swift */,
				DFB453A28A64FCF3F8C9E58B /* ChallengeServiceEnrollmentTests.swift */,
				4913A34036718E29E63F7C8A /* ChallengeServiceJournalTests.swift */,
				95C2EA6C438066372A013C12 /* ChallengeServiceTests.swift */,
				7F452A3B27E9355238289AD3 /* CivilDayMigrationTests.swift */,
				62C89345015AB5CD920581F1 /* CivilDayTests.swift */,
				C30E30061C9CB312FE870547 /* DailyWalkViewModelTests.swift */,
				277B15BD2E931A0954823060 /* DataProtectionTests.swift */,
				7847C279C6EF8A4FFB24A8EA /* DateExtensionsTests.swift */,
				95A6EAF64C9F86F5A9B4196C /* DesignSystemTests.swift */,
				367AA3DC56C1C6FB78899646 /* GracePeriodTests.swift */,
				1C84840D14A258F54B26F511 /* IntegrationTests.swift */,
				A2A318E32A093F40BE1C8A1A /* JourneyViewModelTests.swift */,
				B8122C71833812BE9141D9FB /* NotificationServiceTests.swift */,
				F4CA19120E23773AE82C69EB /* NotificationWiringTests.swift */,
				5495D0675B3AFA7D31D624A9 /* PersistenceFailureTests.swift */,
				61B34247D486F16BF764DFD3 /* SettingsViewModelTests.swift */,
				012A5C11A1D363F4A5CF83A8 /* StreakCalculationTests.swift */,
				4F1135EB5B3E4AF57AC89F08 /* TestHelpers.swift */,
			);
			path = FaithfullyTests;
			sourceTree = "<group>";
		};
		6E68F0C1896CA30219C6A00A /* App */ = {
			isa = PBXGroup;
			children = (
				80BCA35EB18A58680001DA07 /* AppEnvironment.swift */,
				ADF03A865185C385DB1479F7 /* ContentView.swift */,
				F8095D01BF1DAA3353F9844F /* FaithfullyApp.swift */,
				4727EBDE75F0F90D520F97F5 /* PersistenceStack.swift */,
				74A0A9835C089C4B31762558 /* UITestSupport.swift */,
			);
			path = App;
			sourceTree = "<group>";
		};
		72A7F4CC29334CAC5BE57033 /* Journey */ = {
			isa = PBXGroup;
			children = (
				EA267EB7F91419AFE9915C21 /* JourneyView.swift */,
			);
			path = Journey;
			sourceTree = "<group>";
		};
		7939A6021F250C6244E0901B /* Utilities */ = {
			isa = PBXGroup;
			children = (
				1AE914DE3D6DDC914A10EA4E /* AppInfo.swift */,
				950A441B84B488EB25DBCE4C /* BadgeEvaluator.swift */,
				54DE59ED320B7ECF201DD87B /* ChallengeLoader.swift */,
				20711FA1DBD7AAD7EDA28C9B /* ChallengeScheduler.swift */,
				CF9DC3C17A84035CD02B2EB7 /* CivilDay.swift */,
				F3D574F9F63666F724519FC6 /* Constants.swift */,
				D7E82070E2328FA2AAD0BDBD /* DateExtensions.swift */,
				30AB76D9D85A7B9F0E11A96D /* GracePeriod.swift */,
				941EED6208C9F0D677530C51 /* StreakCalculator.swift */,
				0011191C28B01F3B06B8D632 /* Theme.swift */,
			);
			path = Utilities;
			sourceTree = "<group>";
		};
		90D29DE25340A77370DE0A2B /* Calendar */ = {
			isa = PBXGroup;
			children = (
				C63D9A0C5A395FD4223613F2 /* CalendarScreenView.swift */,
				FAF18DC773BF9B4454FCD472 /* DayDetailView.swift */,
			);
			path = Calendar;
			sourceTree = "<group>";
		};
		A63B1B1C52B87F9F15CAFF08 /* Services */ = {
			isa = PBXGroup;
			children = (
				74F6284E83B418C2BCBDCCEE /* BadgeService.swift */,
				0648FA1C864A0347BDCE9783 /* ChallengeService.swift */,
				4A000725D1040D99A3941006 /* NotificationService.swift */,
				C59527158BBCAA89515E53D2 /* PersistenceCoordinator.swift */,
			);
			path = Services;
			sourceTree = "<group>";
		};
		B1C4CD46F5EEF2C5632C5687 /* ViewModels */ = {
			isa = PBXGroup;
			children = (
				ADDBB06120517520730446F6 /* CalendarViewModel.swift */,
				0AA434CB8B30887102A76D77 /* DailyWalkViewModel.swift */,
				E54C9DC71A022279AB940AED /* JourneyViewModel.swift */,
				C7E54205F921B200229CB09A /* SettingsViewModel.swift */,
			);
			path = ViewModels;
			sourceTree = "<group>";
		};
		BF84B271DA2A05BE0DA22373 /* Resources */ = {
			isa = PBXGroup;
			children = (
				6B31150D89C22F4555406336 /* Assets.xcassets */,
				E21F1C1F78DEA9BF5B9415BB /* challenges.json */,
				E4CB5E742EF34465EAEE5B88 /* PrivacyInfo.xcprivacy */,
			);
			path = Resources;
			sourceTree = "<group>";
		};
		C18D058DA9FF19B31AE9FD00 /* Enums */ = {
			isa = PBXGroup;
			children = (
				3CE0FF4F36D3DACDC3093E21 /* BadgeType.swift */,
				C11AB09887355905D1FFAAB5 /* BibleTranslation.swift */,
				6C1F861CFF2402A653925C0A /* ChallengeCategory.swift */,
				6455D33E9E372079FC16852E /* DarkModePreference.swift */,
				30867F91CDB77976239AD79F /* Difficulty.swift */,
			);
			path = Enums;
			sourceTree = "<group>";
		};
		D5121FECAB2B5C63CC7F757A = {
			isa = PBXGroup;
			children = (
				F1BC54F3DE7131052667AC15 /* Faithfully */,
				6DC05056587E91A739257B13 /* FaithfullyTests */,
				4FB8B3D0DFB4F65132AEF26A /* FaithfullyUITests */,
				DC84675EE0795CDDA33BDC51 /* Products */,
			);
			sourceTree = "<group>";
		};
		DC84675EE0795CDDA33BDC51 /* Products */ = {
			isa = PBXGroup;
			children = (
				67599777A0F22E0A83494345 /* Faithfully.app */,
				7B6BDE2B593A426A2E319CA9 /* FaithfullyTests.xctest */,
				A0075A584AA1781999757B85 /* FaithfullyUITests.xctest */,
			);
			name = Products;
			sourceTree = "<group>";
		};
		F1BC54F3DE7131052667AC15 /* Faithfully */ = {
			isa = PBXGroup;
			children = (
				6E68F0C1896CA30219C6A00A /* App */,
				3E03D77CB1054DA188C1275E /* Models */,
				BF84B271DA2A05BE0DA22373 /* Resources */,
				A63B1B1C52B87F9F15CAFF08 /* Services */,
				7939A6021F250C6244E0901B /* Utilities */,
				B1C4CD46F5EEF2C5632C5687 /* ViewModels */,
				011B0D7D6F6F21708A0E3D8F /* Views */,
			);
			path = Faithfully;
			sourceTree = "<group>";
		};
/* End PBXGroup section */

/* Begin PBXNativeTarget section */
		309D407B213DF2C7270B57B9 /* Faithfully */ = {
			isa = PBXNativeTarget;
			buildConfigurationList = 0BD03BC9D578A77DB098B7B8 /* Build configuration list for PBXNativeTarget "Faithfully" */;
			buildPhases = (
				D6C348E30E7D5FDD5AAC895D /* Sources */,
				41B8F7E0CC2130EA3E7D247D /* Resources */,
			);
			buildRules = (
			);
			dependencies = (
			);
			name = Faithfully;
			packageProductDependencies = (
			);
			productName = Faithfully;
			productReference = 67599777A0F22E0A83494345 /* Faithfully.app */;
			productType = "com.apple.product-type.application";
		};
		7574B1F4D5996E2C76AA86DB /* FaithfullyUITests */ = {
			isa = PBXNativeTarget;
			buildConfigurationList = 04AB94D4114B3ED20210B74C /* Build configuration list for PBXNativeTarget "FaithfullyUITests" */;
			buildPhases = (
				93717485D0A19EF2476AFD09 /* Sources */,
			);
			buildRules = (
			);
			dependencies = (
				32C0D49E846D150B9728A33C /* PBXTargetDependency */,
			);
			name = FaithfullyUITests;
			packageProductDependencies = (
			);
			productName = FaithfullyUITests;
			productReference = A0075A584AA1781999757B85 /* FaithfullyUITests.xctest */;
			productType = "com.apple.product-type.bundle.ui-testing";
		};
		BDD1CF4A1F44EFF55CE96436 /* FaithfullyTests */ = {
			isa = PBXNativeTarget;
			buildConfigurationList = C0044D1B1E3CAAD5C870C228 /* Build configuration list for PBXNativeTarget "FaithfullyTests" */;
			buildPhases = (
				6CD226AB0383BA236DC690D6 /* Sources */,
				8772DD5E2762BF0FF150C2B9 /* Resources */,
			);
			buildRules = (
			);
			dependencies = (
				04ADF08FAC7F3D48EC1F4958 /* PBXTargetDependency */,
			);
			name = FaithfullyTests;
			packageProductDependencies = (
			);
			productName = FaithfullyTests;
			productReference = 7B6BDE2B593A426A2E319CA9 /* FaithfullyTests.xctest */;
			productType = "com.apple.product-type.bundle.unit-test";
		};
/* End PBXNativeTarget section */

/* Begin PBXProject section */
		D29653EA73BD734E610C37B1 /* Project object */ = {
			isa = PBXProject;
			attributes = {
				BuildIndependentTargetsInParallel = YES;
				LastUpgradeCheck = 1600;
				TargetAttributes = {
					309D407B213DF2C7270B57B9 = {
						ProvisioningStyle = Automatic;
					};
					7574B1F4D5996E2C76AA86DB = {
						TestTargetID = 309D407B213DF2C7270B57B9;
					};
				};
			};
			buildConfigurationList = E22E31340EFA66D9D117FA55 /* Build configuration list for PBXProject "Faithfully" */;
			developmentRegion = en;
			hasScannedForEncodings = 0;
			knownRegions = (
				Base,
				en,
			);
			mainGroup = D5121FECAB2B5C63CC7F757A;
			minimizedProjectReferenceProxies = 1;
			preferredProjectObjectVersion = 77;
			productRefGroup = DC84675EE0795CDDA33BDC51 /* Products */;
			projectDirPath = "";
			projectRoot = "";
			targets = (
				309D407B213DF2C7270B57B9 /* Faithfully */,
				BDD1CF4A1F44EFF55CE96436 /* FaithfullyTests */,
				7574B1F4D5996E2C76AA86DB /* FaithfullyUITests */,
			);
		};
/* End PBXProject section */

/* Begin PBXResourcesBuildPhase section */
		41B8F7E0CC2130EA3E7D247D /* Resources */ = {
			isa = PBXResourcesBuildPhase;
			buildActionMask = 2147483647;
			files = (
				9D5D35D1BD90DD09EE7706BF /* Assets.xcassets in Resources */,
				FAB2E99BA030969FA5E634CF /* PrivacyInfo.xcprivacy in Resources */,
				5971F0738E3B864D0D217F9B /* challenges.json in Resources */,
			);
			runOnlyForDeploymentPostprocessing = 0;
		};
		8772DD5E2762BF0FF150C2B9 /* Resources */ = {
			isa = PBXResourcesBuildPhase;
			buildActionMask = 2147483647;
			files = (
				F03CDE515F35D941769F00D7 /* PrivacyInfo.xcprivacy in Resources */,
				EA4E0BF19D9E4C329010B8A9 /* challenges.json in Resources */,
			);
			runOnlyForDeploymentPostprocessing = 0;
		};
/* End PBXResourcesBuildPhase section */

/* Begin PBXSourcesBuildPhase section */
		6CD226AB0383BA236DC690D6 /* Sources */ = {
			isa = PBXSourcesBuildPhase;
			buildActionMask = 2147483647;
			files = (
				E07E47A6353DAA38FF4F6041 /* AppEnvironmentTests.swift in Sources */,
				9EDAB48DEEF4A7A0C05335B3 /* AppInfoTests.swift in Sources */,
				360B310D937097319D020531 /* BadgeEvaluationTests.swift in Sources */,
				06120571F60986FF3DB7CB43 /* BadgeServiceTests.swift in Sources */,
				9CD1D03D29F229F9183750D0 /* CalendarEnrollmentBoundaryTests.swift in Sources */,
				B851569CDC6AACF2F1731BA8 /* CalendarViewModelTests.swift in Sources */,
				D71CFDEE131ED1E6D3097531 /* ChallengeLoaderTests.swift in Sources */,
				2B674A2F1AE73E27F0925119 /* ChallengeSchedulerTests.swift in Sources */,
				00205476FD45FBFCC046D764 /* ChallengeServiceEnrollmentTests.swift in Sources */,
				5B5DC7011D1A8ED8C794BAEC /* ChallengeServiceJournalTests.swift in Sources */,
				84562F915E82A35FDEC95124 /* ChallengeServiceTests.swift in Sources */,
				1B1E4916CCE117C90FA6DA4E /* CivilDayMigrationTests.swift in Sources */,
				6A4A18067A422923379A7CBC /* CivilDayTests.swift in Sources */,
				F4FA31D8154505F060B8C90F /* DailyWalkViewModelTests.swift in Sources */,
				977F4229DA02C9C77DB3A8DB /* DataProtectionTests.swift in Sources */,
				57857BB8620BE4F59D2F1393 /* DateExtensionsTests.swift in Sources */,
				C74D9F63A6639139AE0BDE40 /* DesignSystemTests.swift in Sources */,
				3EEF85F3C8562871FED7D891 /* GracePeriodTests.swift in Sources */,
				1E6A0D7CDF33AB3F382CB7E5 /* IntegrationTests.swift in Sources */,
				58401CC0AD276E46FC47065E /* JourneyViewModelTests.swift in Sources */,
				FCF5947547F47468E4A409BE /* NotificationServiceTests.swift in Sources */,
				ECB1023E48F78F5C25A67310 /* NotificationWiringTests.swift in Sources */,
				B94E1327AB882217FED12F73 /* PersistenceFailureTests.swift in Sources */,
				7D9F89C437E48AC1623AA223 /* SettingsViewModelTests.swift in Sources */,
				20A9C3D22D5152803C9CFF72 /* StreakCalculationTests.swift in Sources */,
				09CDB7E9A8E4212113F3CFA8 /* TestHelpers.swift in Sources */,
			);
			runOnlyForDeploymentPostprocessing = 0;
		};
		93717485D0A19EF2476AFD09 /* Sources */ = {
			isa = PBXSourcesBuildPhase;
			buildActionMask = 2147483647;
			files = (
				A20255A1D1EF142C6BEF2DF1 /* AccessibilityAuditTests.swift in Sources */,
				96122060F492B61D4658AB52 /* CalendarUITests.swift in Sources */,
				D2351C05B6290F7FB8A58049 /* HomeScreenUITests.swift in Sources */,
				ED5D32C1E160AB70012BBF50 /* JourneyUITests.swift in Sources */,
				6DD47A1B457B8BDE6093EB97 /* OnboardingUITests.swift in Sources */,
				47CF0BF53F9906DE8E2D7270 /* ScreenshotStoryboardTests.swift in Sources */,
				D1AC06C345ACDF65186C1B86 /* SettingsUITests.swift in Sources */,
				3CADF8A6AA8DF743E8207A49 /* UITestCase.swift in Sources */,
			);
			runOnlyForDeploymentPostprocessing = 0;
		};
		D6C348E30E7D5FDD5AAC895D /* Sources */ = {
			isa = PBXSourcesBuildPhase;
			buildActionMask = 2147483647;
			files = (
				2FE1C5B4185830A889A4A773 /* AppEnvironment.swift in Sources */,
				47F909F85F5306FFC67E0310 /* AppInfo.swift in Sources */,
				26EA93B98F1A872DABA92321 /* BadgeCelebrationView.swift in Sources */,
				BB2AD676CEF4056D9A6D3CD8 /* BadgeDefinition.swift in Sources */,
				C98AB36AA430514B29E6AAE9 /* BadgeDisplayItem.swift in Sources */,
				4B8B25A0654C8F88E8B2507C /* BadgeEvaluator.swift in Sources */,
				6630C91E272B2E316260065A /* BadgeGlyphView.swift in Sources */,
				ED54B0A200BB09430BA44193 /* BadgeProgress.swift in Sources */,
				5FDB62C1F90B9D3C71E2A10A /* BadgeService.swift in Sources */,
				49E36B30BA57C2A8336A4198 /* BadgeType.swift in Sources */,
				78883C2558407F58887D891D /* BibleTranslation.swift in Sources */,
				094C8A959177664555763CA3 /* CalendarDay.swift in Sources */,
				70852E2E7553C27061534558 /* CalendarScreenView.swift in Sources */,
				B20DDDAEFD9BD02F9252EACA /* CalendarViewModel.swift in Sources */,
				05DC9C00821E62885BD48800 /* ChallengeCardView.swift in Sources */,
				D61C8EACBE6ECD4D1A7F2CA6 /* ChallengeCategory.swift in Sources */,
				B214B11C94FA056C14C9BA1D /* ChallengeLoadErrorView.swift in Sources */,
				2F312632AC14118C841E0C15 /* ChallengeLoader.swift in Sources */,
				072A4CDFFE4765696F70F94C /* ChallengeScheduler.swift in Sources */,
				405E36F1F235143788943FE8 /* ChallengeService.swift in Sources */,
				E298172F40DA3D09859D6190 /* CivilDay.swift in Sources */,
				DF5C400285217320264227BE /* CompletedChallenge.swift in Sources */,
				18FBF7D3CD1BA7EA3006602A /* CompletionResult.swift in Sources */,
				CC1106BE105A6B1870B335D0 /* CompletionSheetView.swift in Sources */,
				22A0E9784BFCF03896974965 /* Constants.swift in Sources */,
				1E25440BCD78005D1A3E7D69 /* ContentView.swift in Sources */,
				A4FCCBCD3C7E8C7FD622A38A /* DailyChallenge.swift in Sources */,
				218DBCE9B776D1DF22D0D59B /* DailyWalkView.swift in Sources */,
				C3D559F2C8DA67F078058DEE /* DailyWalkViewModel.swift in Sources */,
				E780F311F6F310D909EA46D0 /* DarkModePreference.swift in Sources */,
				9795E344571C1F8C6D0BE104 /* DateExtensions.swift in Sources */,
				7B6476CC75EBCB69F80880AD /* DayDetailView.swift in Sources */,
				DFFF29EE1F3819AB540AA363 /* Difficulty.swift in Sources */,
				C1CE0B1FE9AC8A9B7346C19A /* EarnedBadge.swift in Sources */,
				F2580215BC5ADC33AA2E8200 /* FaithfullyApp.swift in Sources */,
				8345F9B7A79910D1E10952E5 /* GracePeriod.swift in Sources */,
				DD9A0B55F1FE9E9E7256E53E /* JournalDisplayItem.swift in Sources */,
				D931C0180DAEAB9E5B553F98 /* JourneyView.swift in Sources */,
				2C4C9F7221C7EC2ED57D1157 /* JourneyViewModel.swift in Sources */,
				0C2101BB3E78F20E00B6049F /* NotificationPreferences.swift in Sources */,
				6124F5ABC02556689F0B2880 /* NotificationService.swift in Sources */,
				99E419A156CD38ED7E540C72 /* OnboardingView.swift in Sources */,
				84EF247B835B6CE200C7BF8B /* PersistenceCoordinator.swift in Sources */,
				98B8E8335DE892928FD37D8E /* PersistenceStack.swift in Sources */,
				78875734FA085DBD76D62741 /* SchemaVersions.swift in Sources */,
				E84AA5DF4F5C6F2531E3E293 /* SettingsView.swift in Sources */,
				D63BC2E6584F9F8217BEBD5B /* SettingsViewModel.swift in Sources */,
				5249EE8E55CCC8C7B483B023 /* ShareCardData.swift in Sources */,
				0DF5E87C80BE5E83FDD35479 /* StoreUnavailableBanner.swift in Sources */,
				7F61244E1B7B31BEB68C39B4 /* StreakCalculator.swift in Sources */,
				3C8DB7EF750C25D868EB1B88 /* Theme.swift in Sources */,
				FDD3EAB80163A7EAB5D86B02 /* UITestSupport.swift in Sources */,
				92701A1838BA3DAC4A21DD53 /* UserProfile.swift in Sources */,
			);
			runOnlyForDeploymentPostprocessing = 0;
		};
/* End PBXSourcesBuildPhase section */

/* Begin PBXTargetDependency section */
		04ADF08FAC7F3D48EC1F4958 /* PBXTargetDependency */ = {
			isa = PBXTargetDependency;
			target = 309D407B213DF2C7270B57B9 /* Faithfully */;
			targetProxy = B4DE570F12F79FCA09230D87 /* PBXContainerItemProxy */;
		};
		32C0D49E846D150B9728A33C /* PBXTargetDependency */ = {
			isa = PBXTargetDependency;
			target = 309D407B213DF2C7270B57B9 /* Faithfully */;
			targetProxy = 6DDAB993E1304A3F2CB31C08 /* PBXContainerItemProxy */;
		};
/* End PBXTargetDependency section */

/* Begin XCBuildConfiguration section */
		1684FE555051E18B76260B6E /* Release */ = {
			isa = XCBuildConfiguration;
			buildSettings = {
				BUNDLE_LOADER = "$(TEST_HOST)";
				GENERATE_INFOPLIST_FILE = YES;
				LD_RUNPATH_SEARCH_PATHS = (
					"$(inherited)",
					"@executable_path/Frameworks",
					"@loader_path/Frameworks",
				);
				PRODUCT_BUNDLE_IDENTIFIER = com.faithfully.FaithfullyTests;
				SDKROOT = iphoneos;
				SWIFT_VERSION = 6.0;
				TARGETED_DEVICE_FAMILY = 1;
				TEST_HOST = "$(BUILT_PRODUCTS_DIR)/Faithfully.app/$(BUNDLE_EXECUTABLE_FOLDER_PATH)/Faithfully";
			};
			name = Release;
		};
		4F3B33427CD9E2C78A52A780 /* Release */ = {
			isa = XCBuildConfiguration;
			buildSettings = {
				BUNDLE_LOADER = "$(TEST_HOST)";
				GENERATE_INFOPLIST_FILE = YES;
				LD_RUNPATH_SEARCH_PATHS = (
					"$(inherited)",
					"@executable_path/Frameworks",
					"@loader_path/Frameworks",
				);
				PRODUCT_BUNDLE_IDENTIFIER = com.faithfully.FaithfullyUITests;
				SDKROOT = iphoneos;
				SWIFT_VERSION = 6.0;
				TARGETED_DEVICE_FAMILY = 1;
				TEST_TARGET_NAME = Faithfully;
			};
			name = Release;
		};
		537CA9A74AFF0804E2DFD23A /* Debug */ = {
			isa = XCBuildConfiguration;
			buildSettings = {
				BUNDLE_LOADER = "$(TEST_HOST)";
				GENERATE_INFOPLIST_FILE = YES;
				LD_RUNPATH_SEARCH_PATHS = (
					"$(inherited)",
					"@executable_path/Frameworks",
					"@loader_path/Frameworks",
				);
				PRODUCT_BUNDLE_IDENTIFIER = com.faithfully.FaithfullyTests;
				SDKROOT = iphoneos;
				SWIFT_VERSION = 6.0;
				TARGETED_DEVICE_FAMILY = 1;
				TEST_HOST = "$(BUILT_PRODUCTS_DIR)/Faithfully.app/$(BUNDLE_EXECUTABLE_FOLDER_PATH)/Faithfully";
			};
			name = Debug;
		};
		5E9B835FC9C3D0B906C72B88 /* Debug */ = {
			isa = XCBuildConfiguration;
			buildSettings = {
				BUNDLE_LOADER = "$(TEST_HOST)";
				GENERATE_INFOPLIST_FILE = YES;
				LD_RUNPATH_SEARCH_PATHS = (
					"$(inherited)",
					"@executable_path/Frameworks",
					"@loader_path/Frameworks",
				);
				PRODUCT_BUNDLE_IDENTIFIER = com.faithfully.FaithfullyUITests;
				SDKROOT = iphoneos;
				SWIFT_VERSION = 6.0;
				TARGETED_DEVICE_FAMILY = 1;
				TEST_TARGET_NAME = Faithfully;
			};
			name = Debug;
		};
		6215E7436431755557036577 /* Release */ = {
			isa = XCBuildConfiguration;
			buildSettings = {
				ASSETCATALOG_COMPILER_APPICON_NAME = AppIcon;
				ASSETCATALOG_COMPILER_GLOBAL_ACCENT_COLOR_NAME = AccentColor;
				CODE_SIGN_IDENTITY = "iPhone Developer";
				CODE_SIGN_STYLE = Automatic;
				CURRENT_PROJECT_VERSION = 1;
				GENERATE_INFOPLIST_FILE = YES;
				INFOPLIST_KEY_UIApplicationSceneManifest_Generation = YES;
				INFOPLIST_KEY_UIApplicationSupportsIndirectInputEvents = YES;
				INFOPLIST_KEY_UILaunchScreen_Generation = YES;
				INFOPLIST_KEY_UISupportedInterfaceOrientations_iPhone = UIInterfaceOrientationPortrait;
				LD_RUNPATH_SEARCH_PATHS = (
					"$(inherited)",
					"@executable_path/Frameworks",
				);
				MARKETING_VERSION = 1.0;
				PRODUCT_BUNDLE_IDENTIFIER = com.faithfully.app;
				SDKROOT = iphoneos;
				SWIFT_VERSION = 6.0;
				TARGETED_DEVICE_FAMILY = 1;
			};
			name = Release;
		};
		BA58335CB8DA989185A0D0EB /* Release */ = {
			isa = XCBuildConfiguration;
			buildSettings = {
				ALWAYS_SEARCH_USER_PATHS = NO;
				CLANG_ANALYZER_NONNULL = YES;
				CLANG_ANALYZER_NUMBER_OBJECT_CONVERSION = YES_AGGRESSIVE;
				CLANG_CXX_LANGUAGE_STANDARD = "gnu++14";
				CLANG_CXX_LIBRARY = "libc++";
				CLANG_ENABLE_MODULES = YES;
				CLANG_ENABLE_OBJC_ARC = YES;
				CLANG_ENABLE_OBJC_WEAK = YES;
				CLANG_WARN_BLOCK_CAPTURE_AUTORELEASING = YES;
				CLANG_WARN_BOOL_CONVERSION = YES;
				CLANG_WARN_COMMA = YES;
				CLANG_WARN_CONSTANT_CONVERSION = YES;
				CLANG_WARN_DEPRECATED_OBJC_IMPLEMENTATIONS = YES;
				CLANG_WARN_DIRECT_OBJC_ISA_USAGE = YES_ERROR;
				CLANG_WARN_DOCUMENTATION_COMMENTS = YES;
				CLANG_WARN_EMPTY_BODY = YES;
				CLANG_WARN_ENUM_CONVERSION = YES;
				CLANG_WARN_INFINITE_RECURSION = YES;
				CLANG_WARN_INT_CONVERSION = YES;
				CLANG_WARN_NON_LITERAL_NULL_CONVERSION = YES;
				CLANG_WARN_OBJC_IMPLICIT_RETAIN_SELF = YES;
				CLANG_WARN_OBJC_LITERAL_CONVERSION = YES;
				CLANG_WARN_OBJC_ROOT_CLASS = YES_ERROR;
				CLANG_WARN_QUOTED_INCLUDE_IN_FRAMEWORK_HEADER = YES;
				CLANG_WARN_RANGE_LOOP_ANALYSIS = YES;
				CLANG_WARN_STRICT_PROTOTYPES = YES;
				CLANG_WARN_SUSPICIOUS_MOVE = YES;
				CLANG_WARN_UNGUARDED_AVAILABILITY = YES_AGGRESSIVE;
				CLANG_WARN_UNREACHABLE_CODE = YES;
				CLANG_WARN__DUPLICATE_METHOD_MATCH = YES;
				COPY_PHASE_STRIP = NO;
				DEBUG_INFORMATION_FORMAT = "dwarf-with-dsym";
				ENABLE_NS_ASSERTIONS = NO;
				ENABLE_STRICT_OBJC_MSGSEND = YES;
				GCC_C_LANGUAGE_STANDARD = gnu11;
				GCC_NO_COMMON_BLOCKS = YES;
				GCC_WARN_64_TO_32_BIT_CONVERSION = YES;
				GCC_WARN_ABOUT_RETURN_TYPE = YES_ERROR;
				GCC_WARN_UNDECLARED_SELECTOR = YES;
				GCC_WARN_UNINITIALIZED_AUTOS = YES_AGGRESSIVE;
				GCC_WARN_UNUSED_FUNCTION = YES;
				GCC_WARN_UNUSED_VARIABLE = YES;
				IPHONEOS_DEPLOYMENT_TARGET = 17.0;
				MTL_ENABLE_DEBUG_INFO = NO;
				MTL_FAST_MATH = YES;
				PRODUCT_NAME = "$(TARGET_NAME)";
				SDKROOT = iphoneos;
				SWIFT_COMPILATION_MODE = wholemodule;
				SWIFT_OPTIMIZATION_LEVEL = "-O";
				SWIFT_VERSION = 5.0;
			};
			name = Release;
		};
		C96DA172B5283C5B3581A4DF /* Debug */ = {
			isa = XCBuildConfiguration;
			buildSettings = {
				ASSETCATALOG_COMPILER_APPICON_NAME = AppIcon;
				ASSETCATALOG_COMPILER_GLOBAL_ACCENT_COLOR_NAME = AccentColor;
				CODE_SIGN_IDENTITY = "iPhone Developer";
				CODE_SIGN_STYLE = Automatic;
				CURRENT_PROJECT_VERSION = 1;
				GENERATE_INFOPLIST_FILE = YES;
				INFOPLIST_KEY_UIApplicationSceneManifest_Generation = YES;
				INFOPLIST_KEY_UIApplicationSupportsIndirectInputEvents = YES;
				INFOPLIST_KEY_UILaunchScreen_Generation = YES;
				INFOPLIST_KEY_UISupportedInterfaceOrientations_iPhone = UIInterfaceOrientationPortrait;
				LD_RUNPATH_SEARCH_PATHS = (
					"$(inherited)",
					"@executable_path/Frameworks",
				);
				MARKETING_VERSION = 1.0;
				PRODUCT_BUNDLE_IDENTIFIER = com.faithfully.app;
				SDKROOT = iphoneos;
				SWIFT_VERSION = 6.0;
				TARGETED_DEVICE_FAMILY = 1;
			};
			name = Debug;
		};
		D612E64F77B775DA5F78E7CC /* Debug */ = {
			isa = XCBuildConfiguration;
			buildSettings = {
				ALWAYS_SEARCH_USER_PATHS = NO;
				CLANG_ANALYZER_NONNULL = YES;
				CLANG_ANALYZER_NUMBER_OBJECT_CONVERSION = YES_AGGRESSIVE;
				CLANG_CXX_LANGUAGE_STANDARD = "gnu++14";
				CLANG_CXX_LIBRARY = "libc++";
				CLANG_ENABLE_MODULES = YES;
				CLANG_ENABLE_OBJC_ARC = YES;
				CLANG_ENABLE_OBJC_WEAK = YES;
				CLANG_WARN_BLOCK_CAPTURE_AUTORELEASING = YES;
				CLANG_WARN_BOOL_CONVERSION = YES;
				CLANG_WARN_COMMA = YES;
				CLANG_WARN_CONSTANT_CONVERSION = YES;
				CLANG_WARN_DEPRECATED_OBJC_IMPLEMENTATIONS = YES;
				CLANG_WARN_DIRECT_OBJC_ISA_USAGE = YES_ERROR;
				CLANG_WARN_DOCUMENTATION_COMMENTS = YES;
				CLANG_WARN_EMPTY_BODY = YES;
				CLANG_WARN_ENUM_CONVERSION = YES;
				CLANG_WARN_INFINITE_RECURSION = YES;
				CLANG_WARN_INT_CONVERSION = YES;
				CLANG_WARN_NON_LITERAL_NULL_CONVERSION = YES;
				CLANG_WARN_OBJC_IMPLICIT_RETAIN_SELF = YES;
				CLANG_WARN_OBJC_LITERAL_CONVERSION = YES;
				CLANG_WARN_OBJC_ROOT_CLASS = YES_ERROR;
				CLANG_WARN_QUOTED_INCLUDE_IN_FRAMEWORK_HEADER = YES;
				CLANG_WARN_RANGE_LOOP_ANALYSIS = YES;
				CLANG_WARN_STRICT_PROTOTYPES = YES;
				CLANG_WARN_SUSPICIOUS_MOVE = YES;
				CLANG_WARN_UNGUARDED_AVAILABILITY = YES_AGGRESSIVE;
				CLANG_WARN_UNREACHABLE_CODE = YES;
				CLANG_WARN__DUPLICATE_METHOD_MATCH = YES;
				COPY_PHASE_STRIP = NO;
				DEBUG_INFORMATION_FORMAT = dwarf;
				ENABLE_STRICT_OBJC_MSGSEND = YES;
				ENABLE_TESTABILITY = YES;
				GCC_C_LANGUAGE_STANDARD = gnu11;
				GCC_DYNAMIC_NO_PIC = NO;
				GCC_NO_COMMON_BLOCKS = YES;
				GCC_OPTIMIZATION_LEVEL = 0;
				GCC_PREPROCESSOR_DEFINITIONS = (
					"$(inherited)",
					"DEBUG=1",
				);
				GCC_WARN_64_TO_32_BIT_CONVERSION = YES;
				GCC_WARN_ABOUT_RETURN_TYPE = YES_ERROR;
				GCC_WARN_UNDECLARED_SELECTOR = YES;
				GCC_WARN_UNINITIALIZED_AUTOS = YES_AGGRESSIVE;
				GCC_WARN_UNUSED_FUNCTION = YES;
				GCC_WARN_UNUSED_VARIABLE = YES;
				IPHONEOS_DEPLOYMENT_TARGET = 17.0;
				MTL_ENABLE_DEBUG_INFO = INCLUDE_SOURCE;
				MTL_FAST_MATH = YES;
				ONLY_ACTIVE_ARCH = YES;
				PRODUCT_NAME = "$(TARGET_NAME)";
				SDKROOT = iphoneos;
				SWIFT_ACTIVE_COMPILATION_CONDITIONS = DEBUG;
				SWIFT_OPTIMIZATION_LEVEL = "-Onone";
				SWIFT_VERSION = 5.0;
			};
			name = Debug;
		};
/* End XCBuildConfiguration section */

/* Begin XCConfigurationList section */
		04AB94D4114B3ED20210B74C /* Build configuration list for PBXNativeTarget "FaithfullyUITests" */ = {
			isa = XCConfigurationList;
			buildConfigurations = (
				5E9B835FC9C3D0B906C72B88 /* Debug */,
				4F3B33427CD9E2C78A52A780 /* Release */,
			);
			defaultConfigurationIsVisible = 0;
			defaultConfigurationName = Debug;
		};
		0BD03BC9D578A77DB098B7B8 /* Build configuration list for PBXNativeTarget "Faithfully" */ = {
			isa = XCConfigurationList;
			buildConfigurations = (
				C96DA172B5283C5B3581A4DF /* Debug */,
				6215E7436431755557036577 /* Release */,
			);
			defaultConfigurationIsVisible = 0;
			defaultConfigurationName = Debug;
		};
		C0044D1B1E3CAAD5C870C228 /* Build configuration list for PBXNativeTarget "FaithfullyTests" */ = {
			isa = XCConfigurationList;
			buildConfigurations = (
				537CA9A74AFF0804E2DFD23A /* Debug */,
				1684FE555051E18B76260B6E /* Release */,
			);
			defaultConfigurationIsVisible = 0;
			defaultConfigurationName = Debug;
		};
		E22E31340EFA66D9D117FA55 /* Build configuration list for PBXProject "Faithfully" */ = {
			isa = XCConfigurationList;
			buildConfigurations = (
				D612E64F77B775DA5F78E7CC /* Debug */,
				BA58335CB8DA989185A0D0EB /* Release */,
			);
			defaultConfigurationIsVisible = 0;
			defaultConfigurationName = Debug;
		};
/* End XCConfigurationList section */
	};
	rootObject = D29653EA73BD734E610C37B1 /* Project object */;
}
